schema: '2.0'
stages:
  data_collection:
    cmd: python src/data/data_collection.py
    deps:
    - path: src/data/data_collection.py
      hash: md5
      md5: 7f420bad760856073804787c95a9def2
      size: 2062
    params:
      params.yaml:
        data_collection.test_size: 0.2
    outs:
    - path: data/raw
      hash: md5
      md5: c0c2d65c14a603e91e029fda3c344a5c.dir
      size: 522262
      nfiles: 2
  pre_preprocessing:
    cmd: python src/data/data_prep.py
    deps:
    - path: data/raw
      hash: md5
      md5: c0c2d65c14a603e91e029fda3c344a5c.dir
      size: 522262
      nfiles: 2
    - path: src/data/data_prep.py
      hash: md5
      md5: d0af1dccaaff3f2e003b6a2d6ced211d
      size: 1842
    outs:
    - path: data/processed
      hash: md5
      md5: e34c84b2d0f2a75442271cd6c5779b7c.dir
      size: 546895
      nfiles: 2
  model_building:
    cmd: python src/model/model_building.py
    deps:
    - path: data/processed
      hash: md5
      md5: e34c84b2d0f2a75442271cd6c5779b7c.dir
      size: 546895
      nfiles: 2
    - path: src/model/model_building.py
      hash: md5
      md5: 08d43dd0a36c4f85755e63d1ef785012
      size: 2023
    params:
      params.yaml:
        model_building.n_estimators: 800
    outs:
    - path: models/model.pkl
      hash: md5
      md5: b2d4f61508d81bd5ad6979d51656318d
      size: 58844228
  model_eval:
    cmd: python src/model/model_eval.py
    deps:
    - path: models/model.pkl
      hash: md5
      md5: b2d4f61508d81bd5ad6979d51656318d
      size: 58844228
    - path: src/model/model_eval.py
      hash: md5
      md5: 88ca4b86469d2098ba2db7b65f2c0a2c
      size: 5081
    outs:
    - path: reports/metrics.json
      hash: md5
      md5: d9ead23da0062ce7ed6e1ac3f653b267
      size: 152
    - path: reports/run_info.json
      hash: md5
      md5: 61b3c6dd69e18ac7677cbbbb8504585d
      size: 87
  model_registration:
    cmd: python src/model/model_reg.py
    deps:
    - path: reports/run_info.json
      hash: md5
      md5: 61b3c6dd69e18ac7677cbbbb8504585d
      size: 87
    - path: src/model/model_reg.py
      hash: md5
      md5: 20776267fa8ddd61d6343c6a9f5da142
      size: 1356
